
Microsoft Visual Studio Solution File, Format Version 12.00
# Visual Studio Version 17
VisualStudioVersion = 17.2.32210.308
MinimumVisualStudioVersion = 10.0.40219.1
Project("{FAE04EC0-301F-11D3-BF4B-00C04F79EFBC}") = "Ozakboy.PageDate", "Ozakboy.PageDate\Ozakboy.PageDate.csproj", "{9EA06D3E-8215-4A4B-A28B-92AD846F01B2}"
EndProject
Global
	GlobalSection(SolutionConfigurationPlatforms) = preSolution
		Debug|Any CPU = Debug|Any CPU
		Release|Any CPU = Release|Any CPU
	EndGlobalSection
	GlobalSection(ProjectConfigurationPlatforms) = postSolution
		{9EA06D3E-8215-4A4B-A28B-92AD846F01B2}.Debug|Any CPU.ActiveCfg = Debug|Any CPU
		{9EA06D3E-8215-4A4B-A28B-92AD846F01B2}.Debug|Any CPU.Build.0 = Debug|Any CPU
		{9EA06D3E-8215-4A4B-A28B-92AD846F01B2}.Release|Any CPU.ActiveCfg = Release|Any CPU
		{9EA06D3E-8215-4A4B-A28B-92AD846F01B2}.Release|Any CPU.Build.0 = Release|Any CPU
	EndGlobalSection
	GlobalSection(SolutionProperties) = preSolution
		HideSolutionNode = FALSE
	EndGlobalSection
	GlobalSection(ExtensibilityGlobals) = postSolution
		SolutionGuid = {44F9B0FF-0984-42A7-AECD-4AFC4E165916}
	EndGlobalSection
EndGlobal
